{
  "version": 1,
  "dependencies": {
    "net10.0": {
      "ServiceStack.OrmLite.MySql": {
        "type": "Direct",
        "requested": "[10.1.4, )",
        "resolved": "10.1.4",
        "contentHash": "trB+pIrT3ee+DnPA6/SzR/IvVV8U8LayyNsXuo1qGNNukkSny9/b44yPKemskErwv1xYKY+3vToEoII5rOmTNA==",
        "dependencies": {
          "MySql.Data": "26.7.0",
          "ServiceStack.Common": "10.1.4",
          "ServiceStack.Interfaces": "10.1.4",
          "ServiceStack.OrmLite": "10.1.4",
          "ServiceStack.Text": "10.1.4"
        }
      },
      "SixLabors.ImageSharp": {
        "type": "Direct",
        "requested": "[3.1.6, )",
        "resolved": "3.1.6",
        "contentHash": "dHQ5jugF9v+5/LCVHCWVzaaIL6WOehqJy6eju/0VFYFPEj2WtqkGPoEV9EVQP83dHsdoqYaTuWpZdwAd37UwfA=="
      },
      "Storm.Api": {
        "type": "Direct",
        "requested": "[10.0.19, )",
        "resolved": "10.0.19",
        "contentHash": "JSFJv2GboabcGtfvdy9kPCge3RQ+UdrVjEX6Pt2kZDt2RUELjwVCDSvhoHMgM5FLkCRXQBjNi0Yust7NN+qPZQ==",
        "dependencies": {
          "Elastic.Clients.Elasticsearch": "8.19.24",
          "Microsoft.AspNetCore.Mvc.NewtonsoftJson": "10.0.10",
          "Microsoft.AspNetCore.OpenApi": "10.0.10",
          "Microsoft.OpenApi": "2.11.0",
          "Resend": "0.8.0",
          "Scalar.AspNetCore": "2.16.18",
          "Sentry": "6.8.0",
          "Sentry.AspNetCore": "6.8.0",
          "Serilog.Sinks.Console": "6.1.1",
          "Serilog.Sinks.File": "7.0.0",
          "ServiceStack.OrmLite": "10.0.8",
          "ServiceStack.OrmLite.MySql": "10.0.8",
          "ServiceStack.OrmLite.PostgreSQL": "10.0.8",
          "ServiceStack.OrmLite.SqlServer.Data": "10.0.8",
          "ServiceStack.OrmLite.Sqlite": "10.0.8",
          "StackExchange.Redis": "2.13.17",
          "Storm.Api.Dtos": "10.0.19",
          "Swashbuckle.AspNetCore": "10.2.3",
          "System.IdentityModel.Tokens.Jwt": "8.22.0",
          "VaultSharp": "1.17.5.1"
        }
      },
      "Storm.Api.Dtos": {
        "type": "Direct",
        "requested": "[10.0.19, )",
        "resolved": "10.0.19",
        "contentHash": "czWPSfVJMFImyHpjvyds6YLvDccOKS7en3A2+a+gJsA+GwL5y6h7xuWp3gjsef4dXzXiyPoO5DLEKb+B7HFnIQ==",
        "dependencies": {
          "Newtonsoft.Json": "13.0.4"
        }
      },
      "Storm.Api.SourceGenerators": {
        "type": "Direct",
        "requested": "[10.0.19, )",
        "resolved": "10.0.19",
        "contentHash": "PAJo7ApZjuKhbn2iqrx1JsNixv9+Vjudu1nznHak6x9Qrza3+N19nHWX00eqpzxxeB1tRGZCG1aYpxN8fNArng=="
      },
      "BouncyCastle.Cryptography": {
        "type": "Transitive",
        "resolved": "2.6.2",
        "contentHash": "7oWOcvnntmMKNzDLsdxAYqApt+AjpRpP2CShjMfIa3umZ42UQMvH0tl1qAliYPNYO6vTdcGMqnRrCPmsfzTI1w=="
      },
      "Elastic.Clients.Elasticsearch": {
        "type": "Transitive",
        "resolved": "8.19.24",
        "contentHash": "D8bYOt4BMf14/BZLBjtMwvJwfvweeegwC/zZlQMuKKegAFzIKmqio6Z7/voKSYJNhhY1tFd+kunfarpYOX5bog==",
        "dependencies": {
          "Elastic.Esql": "0.11.0",
          "Elastic.Transport": "0.17.1"
        }
      },
      "Elastic.Esql": {
        "type": "Transitive",
        "resolved": "0.11.0",
        "contentHash": "frYrulxZxDLsAk5vBw6oVG4dOYcGFSOPBsJ+1EfLn/sEB/fS56zVEbEitdVxreY3xREdhZwS9dtUkAqsAt037g=="
      },
      "Elastic.Transport": {
        "type": "Transitive",
        "resolved": "0.17.1",
        "contentHash": "PpDoD+6zxtYgK/DAqQEiVSlkC2Zt1x0JKGaygAx8Oqrkft9Nr1VTuysOWZ6NKsav9WtB4jyHuU/eIZXuc2oZuw=="
      },
      "Google.Protobuf": {
        "type": "Transitive",
        "resolved": "3.35.0",
        "contentHash": "OrUZCUzBXqdSmsQSWp/EPeINjOBcMU+PrZEJegw0aLgOGFHZ9ZI37X/SFrIxo8C9ghKynaKpPr3BVPc4EujWYg=="
      },
      "K4os.Compression.LZ4": {
        "type": "Transitive",
        "resolved": "1.3.8",
        "contentHash": "LhwlPa7c1zs1OV2XadMtAWdImjLIsqFJPoRcIWAadSRn0Ri1DepK65UbWLPmt4riLqx2d40xjXRk0ogpqNtK7g=="
      },
      "K4os.Compression.LZ4.Streams": {
        "type": "Transitive",
        "resolved": "1.3.8",
        "contentHash": "P15qr8dZAeo9GvYbUIPEYFQ0MEJ0i5iqr37wsYeRC3la2uCldOoeCa6to0CZ1taiwxIV+Mk8NGuZi+4iWivK9w==",
        "dependencies": {
          "K4os.Compression.LZ4": "1.3.8",
          "K4os.Hash.xxHash": "1.0.8"
        }
      },
      "K4os.Hash.xxHash": {
        "type": "Transitive",
        "resolved": "1.0.8",
        "contentHash": "Wp2F7BamQ2Q/7Hk834nV9vRQapgcr8kgv9Jvfm8J3D0IhDqZMMl+a2yxUq5ltJitvXvQfB8W6K4F4fCbw/P6YQ=="
      },
      "Microsoft.AspNetCore.JsonPatch": {
        "type": "Transitive",
        "resolved": "10.0.10",
        "contentHash": "sNPvgAoV/IsK4fS2gYDAqvbK5kMQPCU8h7WjOjxS1f4/0+bGnnZbTJ0ceM8jvMcUanDoNpYRFf+7UDb+s3P1ag==",
        "dependencies": {
          "Newtonsoft.Json": "13.0.3"
        }
      },
      "Microsoft.AspNetCore.Mvc.NewtonsoftJson": {
        "type": "Transitive",
        "resolved": "10.0.10",
        "contentHash": "BuigyKPrvORCHyU8Vna7eQMQg6hDNqRQyFGCEa0+QJ8pLL5xcgNpLzaD1eom54Oaxb4mHnPs8MaPKejNL9lTKA==",
        "dependencies": {
          "Microsoft.AspNetCore.JsonPatch": "10.0.10",
          "Newtonsoft.Json": "13.0.3",
          "Newtonsoft.Json.Bson": "1.0.2"
        }
      },
      "Microsoft.AspNetCore.OpenApi": {
        "type": "Transitive",
        "resolved": "10.0.10",
        "contentHash": "d4Atx9IHq7JgX0F/h7Db+m9zAUzC+cKdI9k+OWnnyQIOUQtfvjIEuhvbjPigVMkAmPUgCbJ8Yp6M9ghUqHtJSQ==",
        "dependencies": {
          "Microsoft.OpenApi": "2.0.0"
        }
      },
      "Microsoft.Bcl.Cryptography": {
        "type": "Transitive",
        "resolved": "10.0.2",
        "contentHash": "LG9Yll3B5aNpxv0+D47g6LiOiKBIlodhcHdQwcYzo8VeexFLGqx5ymetmA2aBRyo9cCcWsQWrFsdbsr8LvmWDw=="
      },
      "Microsoft.Data.SqlClient": {
        "type": "Transitive",
        "resolved": "7.0.1",
        "contentHash": "9jZFXAJ2ThNYK7lhj2RhH7klXVNaWSvZpQncq3bPIOjmHBrdjwgeO4c8wucUVxQwFT8rAA13Z2F2jzoYR7ICDw==",
        "dependencies": {
          "Microsoft.Bcl.Cryptography": "9.0.13",
          "Microsoft.Data.SqlClient.Extensions.Abstractions": "1.0.0",
          "Microsoft.Data.SqlClient.Internal.Logging": "1.0.0",
          "Microsoft.Data.SqlClient.SNI.runtime": "6.0.2",
          "Microsoft.IdentityModel.JsonWebTokens": "8.16.0",
          "Microsoft.IdentityModel.Protocols.OpenIdConnect": "8.16.0",
          "Microsoft.SqlServer.Server": "1.0.0",
          "System.Configuration.ConfigurationManager": "9.0.13",
          "System.Security.Cryptography.Pkcs": "9.0.13"
        }
      },
      "Microsoft.Data.SqlClient.Extensions.Abstractions": {
        "type": "Transitive",
        "resolved": "1.0.0",
        "contentHash": "rlnxc0KfwDSbE8ZHntFnl8SCgOa9QtJZblMv2zXLhRwl1Je7fsdsVzxSjzzC4JMsfAK+jXJWyezRB8SxUY4BdA==",
        "dependencies": {
          "Microsoft.Data.SqlClient.Internal.Logging": "1.0.0"
        }
      },
      "Microsoft.Data.SqlClient.Internal.Logging": {
        "type": "Transitive",
        "resolved": "1.0.0",
        "contentHash": "Kue/7CF8KNT9zozfr30C94dMZVZml3atqWZvQemSXvTau76tRdypzeKiBKXadqgbOME0UiQIyVTNo5WxCRNVNg=="
      },
      "Microsoft.Data.SqlClient.SNI.runtime": {
        "type": "Transitive",
        "resolved": "6.0.2",
        "contentHash": "f+pRODTWX7Y67jXO3T5S2dIPZ9qMJNySjlZT/TKmWVNWe19N8jcWmHaqHnnchaq3gxEKv1SWVY5EFzOD06l41w=="
      },
      "Microsoft.Extensions.ApiDescription.Server": {
        "type": "Transitive",
        "resolved": "10.0.0",
        "contentHash": "NCWCGiwRwje8773yzPQhvucYnnfeR+ZoB1VRIrIMp4uaeUNw7jvEPHij3HIbwCDuNCrNcphA00KSAR9yD9qmbg=="
      },
      "Microsoft.IdentityModel.Abstractions": {
        "type": "Transitive",
        "resolved": "8.22.0",
        "contentHash": "LU3V3owsu4vGpCg2kyL7SsQEuHwcoJ8FSNBqzLADzCf3/PcKUTcx5Plsd51DoTJMfK/WigXV/03UhaN5JXE6uQ=="
      },
      "Microsoft.IdentityModel.JsonWebTokens": {
        "type": "Transitive",
        "resolved": "8.22.0",
        "contentHash": "kv6peMLjALZLDAy2H3F77KjVRdwiscn2p/g3ui2chcbuEcAX2MpAbyDcYnJ7Vyh8jZ1aJWrniUMCDWoOgnu4NQ==",
        "dependencies": {
          "Microsoft.IdentityModel.Tokens": "8.22.0"
        }
      },
      "Microsoft.IdentityModel.Logging": {
        "type": "Transitive",
        "resolved": "8.22.0",
        "contentHash": "G9Tl0yXSlr2pkXv4EpXjO16M4q6oo9N/od+gNyOusZ8yM8LZg1H3f/QOMFuOJiV6znzY5MkAREU97JRRnqpEQw==",
        "dependencies": {
          "Microsoft.IdentityModel.Abstractions": "8.22.0"
        }
      },
      "Microsoft.IdentityModel.Protocols": {
        "type": "Transitive",
        "resolved": "8.16.0",
        "contentHash": "UFrU7d46UTsPQTa2HIEIpB9H1uJe1BW9FLw5uhEJ2ZuKdur8bcUA/bO5caq5dlBt5gNJeRIB3QQXYNs5fCQCZA==",
        "dependencies": {
          "Microsoft.IdentityModel.Tokens": "8.16.0"
        }
      },
      "Microsoft.IdentityModel.Protocols.OpenIdConnect": {
        "type": "Transitive",
        "resolved": "8.16.0",
        "contentHash": "h4yVXyJsEBBX5lg2G5ftMsi5JzcNEGAzrNphA6DQ6eOd8P0s+cDCOyPwVTYLePZvJL5unbPvYIvzrbTXzFjXnQ==",
        "dependencies": {
          "Microsoft.IdentityModel.Protocols": "8.16.0",
          "System.IdentityModel.Tokens.Jwt": "8.16.0"
        }
      },
      "Microsoft.IdentityModel.Tokens": {
        "type": "Transitive",
        "resolved": "8.22.0",
        "contentHash": "i4lywKKUuVmheCUA+w/q8QNPReNI0qanHI9hhz48AFqD1ljyb8sxPL2RbXOGiPV13XdJ4kxieL9ukS7tD43LxA==",
        "dependencies": {
          "Microsoft.Bcl.Cryptography": "10.0.2",
          "Microsoft.IdentityModel.Logging": "8.22.0"
        }
      },
      "Microsoft.OpenApi": {
        "type": "Transitive",
        "resolved": "2.11.0",
        "contentHash": "/ignjfdeKT2SGLIR7QEv19KnI0rvoxRG/TYDOZdK9EsWLjKK9IK8i1Mo5NRm9PRV3i64DzlTqnIflWvoyfljLg=="
      },
      "Microsoft.SqlServer.Server": {
        "type": "Transitive",
        "resolved": "1.0.0",
        "contentHash": "N4KeF3cpcm1PUHym1RmakkzfkEv3GRMyofVv40uXsQhCQeglr2OHNcUk2WOG51AKpGO8ynGpo9M/kFXSzghwug=="
      },
      "MySql.Data": {
        "type": "Transitive",
        "resolved": "26.7.0",
        "contentHash": "WXk00B5N6TnuTU0SVRFxMAr2nfLj+4T6gY1NPeDdtj8cwy2Rk5v4GIUK9oSiTSMntEdrKeaYG4eyYPjZun7D7w==",
        "dependencies": {
          "BouncyCastle.Cryptography": "2.6.2",
          "Google.Protobuf": "3.35.0",
          "K4os.Compression.LZ4.Streams": "1.3.8",
          "System.Configuration.ConfigurationManager": "10.0.8",
          "System.Security.Permissions": "10.0.8",
          "ZstdSharp.Port": "0.8.8"
        }
      },
      "Newtonsoft.Json": {
        "type": "Transitive",
        "resolved": "13.0.4",
        "contentHash": "pdgNNMai3zv51W5aq268sujXUyx7SNdE2bj1wZcWjAQrKMFZV260lbqYop1d2GM67JI1huLRwxo9ZqnfF/lC6A=="
      },
      "Newtonsoft.Json.Bson": {
        "type": "Transitive",
        "resolved": "1.0.2",
        "contentHash": "QYFyxhaABwmq3p/21VrZNYvCg3DaEoN/wUuw5nmfAf0X3HLjgupwhkEWdgfb9nvGAUIv3osmZoD3kKl4jxEmYQ==",
        "dependencies": {
          "Newtonsoft.Json": "12.0.1"
        }
      },
      "Npgsql": {
        "type": "Transitive",
        "resolved": "10.0.3",
        "contentHash": "7nb5YzXuvWWJxB0J8DiyL3we+X4FOctZrt0fIBnucOIaIevFEEwGQVZKtiu9olXdlNAK1eNgqSral6r/jlhI4w=="
      },
      "Pipelines.Sockets.Unofficial": {
        "type": "Transitive",
        "resolved": "2.2.16",
        "contentHash": "nonu9l0YrZH6krVYbskBjE7uG0VMAnvOQ9PU+RmzUsy+++vHkqzzCkHRoP877OiA3iRTxJyNDLfpcU8hrJ3/YQ=="
      },
      "Resend": {
        "type": "Transitive",
        "resolved": "0.8.0",
        "contentHash": "xaG5Q19IbKQ/zEWZ2jviw7mvco6Irz6DuUgnU3YRrF2iCrLq2ADf6jkiGBVq/Xyuqk+2bWBuwGpQPeclfz0RWA=="
      },
      "Scalar.AspNetCore": {
        "type": "Transitive",
        "resolved": "2.16.18",
        "contentHash": "R/S9FSpMLjdd75uOe22YPNnfDtPYygK31feG6XJ9BLjX/y4WM8cGRzwT49iEBKhnJB2CnWUnfLlWGV7TsVDk+Q=="
      },
      "Sentry": {
        "type": "Transitive",
        "resolved": "6.8.0",
        "contentHash": "amUjwslDtdx1p8r6z4APCxM8vHCKG4CBamPpSTwxmTMoBQ2CLwx2m3CaIttJXRT/hw9S5rNfXgjol2OqADytLQ=="
      },
      "Sentry.AspNetCore": {
        "type": "Transitive",
        "resolved": "6.8.0",
        "contentHash": "yo9TeFZPgmhyu0Vj+Zq3VxRR8kDbhlNbRAQDANN+gTwETe5uDa/H1I91PntBD7jwhWa7P218bYU+LGYOipylYA==",
        "dependencies": {
          "Sentry.Extensions.Logging": "6.8.0"
        }
      },
      "Sentry.Extensions.Logging": {
        "type": "Transitive",
        "resolved": "6.8.0",
        "contentHash": "K7/Z7B8ec5c61ByzZOgxHxhcT+5yo7X6n7GchcaFI/X44Zn/ZsGqUFMqvypaILnc4JISAeppDTSiWdgWmflzbg==",
        "dependencies": {
          "Sentry": "6.8.0"
        }
      },
      "Serilog": {
        "type": "Transitive",
        "resolved": "4.2.0",
        "contentHash": "gmoWVOvKgbME8TYR+gwMf7osROiWAURterc6Rt2dQyX7wtjZYpqFiA/pY6ztjGQKKV62GGCyOcmtP1UKMHgSmA=="
      },
      "Serilog.Sinks.Console": {
        "type": "Transitive",
        "resolved": "6.1.1",
        "contentHash": "8jbqgjUyZlfCuSTaJk6lOca465OndqOz3KZP6Cryt/IqZYybyBu7GP0fE/AXBzrrQB3EBmQntBFAvMVz1COvAA==",
        "dependencies": {
          "Serilog": "4.0.0"
        }
      },
      "Serilog.Sinks.File": {
        "type": "Transitive",
        "resolved": "7.0.0",
        "contentHash": "fKL7mXv7qaiNBUC71ssvn/dU0k9t0o45+qm2XgKAlSt19xF+ijjxyA3R6HmCgfKEKwfcfkwWjayuQtRueZFkYw==",
        "dependencies": {
          "Serilog": "4.2.0"
        }
      },
      "ServiceStack.Common": {
        "type": "Transitive",
        "resolved": "10.1.4",
        "contentHash": "1dnz9b8rzVjdm64dYjIj5rVtEhLgh0VtbvwzL+FgwmVMFLZCNyk5+ClHb2l7R6J+MlcbOl/BwfGLqqJS9EOhMA==",
        "dependencies": {
          "ServiceStack.Interfaces": "10.1.4",
          "ServiceStack.Text": "10.1.4"
        }
      },
      "ServiceStack.Interfaces": {
        "type": "Transitive",
        "resolved": "10.1.4",
        "contentHash": "XCCrN1lmZfS6pNP7yAgVezx6WTZqncl48NpWRE1oJbguwAh47nv5M/YeUQysU2xrB2y2ZHnZnylCJl89Lcd/7g=="
      },
      "ServiceStack.OrmLite": {
        "type": "Transitive",
        "resolved": "10.1.4",
        "contentHash": "VaGI/eqQoC/ozzDARuZbzU/mz9n1cGU63FnLWhzR1tys6hlkrr5/YlHizF53E1wpvsUBc/qVIUw7S/y1TsZ7Cw==",
        "dependencies": {
          "ServiceStack.Common": "10.1.4"
        }
      },
      "ServiceStack.OrmLite.PostgreSQL": {
        "type": "Transitive",
        "resolved": "10.0.8",
        "contentHash": "1Ilnl2IlHtbpQA0ncg78do3RHZ7AFNnsmP9YwltlxXT07K1+7eaEdCXXrdVXWIVXBhxSgKCg9c7kIbXEO+CZAA==",
        "dependencies": {
          "Npgsql": "10.0.3",
          "ServiceStack.Common": "10.0.8",
          "ServiceStack.Interfaces": "10.0.8",
          "ServiceStack.OrmLite": "10.0.8",
          "ServiceStack.Text": "10.0.8"
        }
      },
      "ServiceStack.OrmLite.Sqlite": {
        "type": "Transitive",
        "resolved": "10.0.8",
        "contentHash": "doZoFy6D1KQ6zVp+JptjncIM9Vv0JvgBgzFQe5Ki5fVZ2BCEBAZhFQyMtmxUE7lAUxPC+LGywfKI0z01/UXxGg==",
        "dependencies": {
          "ServiceStack.Common": "10.0.8",
          "ServiceStack.Interfaces": "10.0.8",
          "ServiceStack.OrmLite": "10.0.8",
          "ServiceStack.Text": "10.0.8",
          "System.Data.SQLite.Core": "1.0.119"
        }
      },
      "ServiceStack.OrmLite.SqlServer.Data": {
        "type": "Transitive",
        "resolved": "10.0.8",
        "contentHash": "oYkZ9smZrTSefSE5ojMtTPgJST7lsSjvNpskzHPhM4tsoGvwSLx0iQJQGqlNAhM0slVcaHcvAZ0d1G/qv5hgFg==",
        "dependencies": {
          "Microsoft.Data.SqlClient": "7.0.1",
          "ServiceStack.Common": "10.0.8",
          "ServiceStack.OrmLite": "10.0.8"
        }
      },
      "ServiceStack.Text": {
        "type": "Transitive",
        "resolved": "10.1.4",
        "contentHash": "PcN1uaPRXv4n0fGC7WZhjVk25Of7L5ChgwzeAivw0if5P6aCJoP8NG4VIgqgfkcWnY7gfZJ8K7f1xsb7OMytvg=="
      },
      "StackExchange.Redis": {
        "type": "Transitive",
        "resolved": "2.13.17",
        "contentHash": "P7o7ZDBAmBrOLQEw8Pt44iIA08ioj48smRxn4Jp6yzCu6P3DOSU6lj7f+IOtN3pPvSgC9YufvM92ycukEEBCYQ==",
        "dependencies": {
          "Pipelines.Sockets.Unofficial": "2.2.16",
          "System.IO.Hashing": "10.0.2"
        }
      },
      "Stub.System.Data.SQLite.Core.NetStandard": {
        "type": "Transitive",
        "resolved": "1.0.119",
        "contentHash": "dI7ngiCNgdm+n00nQvFTa+LbHvE9MIQXwMSLRzJI/KAJ7G1WmCachsvfE1CD6xvb3OXJvYYEfv3+S/LHyhN0Rg=="
      },
      "Swashbuckle.AspNetCore": {
        "type": "Transitive",
        "resolved": "10.2.3",
        "contentHash": "8KNh1RWvofdU6DVLyBs4Z/OpUMnmf8oNvJQc0QxpwySRbi42bwLfdVMMrXZWANg5U5KQGQq1xW6r/hlcqw99tQ==",
        "dependencies": {
          "Microsoft.Extensions.ApiDescription.Server": "10.0.0",
          "Swashbuckle.AspNetCore.Swagger": "10.2.3",
          "Swashbuckle.AspNetCore.SwaggerGen": "10.2.3",
          "Swashbuckle.AspNetCore.SwaggerUI": "10.2.3"
        }
      },
      "Swashbuckle.AspNetCore.Swagger": {
        "type": "Transitive",
        "resolved": "10.2.3",
        "contentHash": "1jUUs3WQnrS0FUtaZPLSy1yYMEwS1zlvDmvQ2/eldPHUANX0LJSLVZecCMgSMdeGiRqeaRrIXLtSz++TCiTMww==",
        "dependencies": {
          "Microsoft.OpenApi": "2.7.5"
        }
      },
      "Swashbuckle.AspNetCore.SwaggerGen": {
        "type": "Transitive",
        "resolved": "10.2.3",
        "contentHash": "y7t4coDRAeFYChmvlMRiH2OjbiRrm9AVIDgt17fQfs3x9PVAI5PiwWYOhg+4F13R4Q36WDc9lqfoOnNa3tNbGg==",
        "dependencies": {
          "Swashbuckle.AspNetCore.Swagger": "10.2.3"
        }
      },
      "Swashbuckle.AspNetCore.SwaggerUI": {
        "type": "Transitive",
        "resolved": "10.2.3",
        "contentHash": "nthWONRs/FJ4yyG206g1cC52WEG8EqrjuMWjGdR+5XG7lbjFto6NqcI9EMICgVFom/UivIjUVwI76ZHbHwTPfQ=="
      },
      "System.Configuration.ConfigurationManager": {
        "type": "Transitive",
        "resolved": "10.0.8",
        "contentHash": "QG+HHwJjLyUiRuA9axr5pDqHAxboo7FXCTRakxMABE9CUAUij/tsd/MsgQPJUEppkf+YBLT+F/P/wKIVCAIcNg==",
        "dependencies": {
          "System.Security.Cryptography.ProtectedData": "10.0.8"
        }
      },
      "System.Data.SQLite.Core": {
        "type": "Transitive",
        "resolved": "1.0.119",
        "contentHash": "bhQB8HVtRA+OOYw8UTD1F1kU+nGJ0/OZvH1JmlVUI4bGvgVEWeX1NcHjA765NvUoRVuCPlt8PrEpZ1thSsk1jg==",
        "dependencies": {
          "Stub.System.Data.SQLite.Core.NetStandard": "[1.0.119]"
        }
      },
      "System.IdentityModel.Tokens.Jwt": {
        "type": "Transitive",
        "resolved": "8.22.0",
        "contentHash": "CpXGfNhLl6EgYaOC9XYsc1p7Ci9HtAy0soHJDSBNGse647al4tTq9RDr+LQsrF4Ls79Dx7VfzN34km0W4DWPow==",
        "dependencies": {
          "Microsoft.IdentityModel.JsonWebTokens": "8.22.0",
          "Microsoft.IdentityModel.Tokens": "8.22.0"
        }
      },
      "System.IO.Hashing": {
        "type": "Transitive",
        "resolved": "10.0.2",
        "contentHash": "AKJknIFi9O3+rGExxTry188JPvUoZAPcCtS2qdqyFhIzsxQ1Ap94BeGDG0VzVEHakhmRxmJtVih6TsHoghIt/g=="
      },
      "System.Security.Cryptography.Pkcs": {
        "type": "Transitive",
        "resolved": "9.0.13",
        "contentHash": "dxJhkuoaelvWy588wPXjShNks+ZMiSgXnN75/u+DPbER5PqKrLPDftE0BvGM7nDK/scQAVlD+gRXlCAAjWi58Q=="
      },
      "System.Security.Cryptography.ProtectedData": {
        "type": "Transitive",
        "resolved": "10.0.8",
        "contentHash": "/ldVgSfImIBp6fLWS7sLH0BnmtFj0ZwGlZo4Xx2q0K3ZhJNDbW45kj2f6zPoC+L+BTINuHdMzTsopuwmkbgcNA=="
      },
      "System.Security.Permissions": {
        "type": "Transitive",
        "resolved": "10.0.8",
        "contentHash": "nIA3VtrHAVbx6v3UbTBkB7yb3ShjVS+A0BpdfXaYLnJP0anIfE9Z9s+kXIDlv82FxEaOoL32866N8p7KsydwdA==",
        "dependencies": {
          "System.Windows.Extensions": "10.0.8"
        }
      },
      "System.Windows.Extensions": {
        "type": "Transitive",
        "resolved": "10.0.8",
        "contentHash": "4hnHSbtc1FP91qiOsweSa/3My/tkKAU9WcUyCZNSUPhfNyFtIhTl9qEPaSK2g4XzTMaq4huRerF6tSV9q44Cnw=="
      },
      "VaultSharp": {
        "type": "Transitive",
        "resolved": "1.17.5.1",
        "contentHash": "1O/F+AQCkyK4K709pBDYEbDDfJ12OlaE5lnOs9dffq+KxqrnPxh8FIdQtEst9yBJmC7I0BptftzTJyRSwhZR/A=="
      },
      "ZstdSharp.Port": {
        "type": "Transitive",
        "resolved": "0.8.8",
        "contentHash": "UIDFkA5DC3en3tOJ3Mof11yBx9kUQLsaeo/oFdvN6Bbkr9E9+VCqfIadHci8cu+I51K2Sl7XYWVl2R/mA75NBQ=="
      }
    }
  }
}